version = 1
revision = 3
requires-python = "==3.13.1"

[manifest]
members = [
    "my-package",
    "my-workspace",
]

[[package]]
name = "jax"
version = "0.11.1"
source = { registry = "https://pypi.org/simple" }
dependencies = [
    { name = "jaxlib" },
    { name = "ml-dtypes" },
    { name = "numpy" },
    { name = "opt-einsum" },
    { name = "scipy" },
]
sdist = { url = "https://files.pythonhosted.org/packages/90/aa/c3b6ac3863a490661e255d2356802b54d57b533460fa221d30743d81a6c1/jax-0.11.1.tar.gz", hash = "sha256:43e0d45b1dac002eca04c2de73298395225dd0d4651e3f573a540eaa18abfd80", size = 2864119, upload-time = "2026-08-17T20:31:29.938Z" }
wheels = [
    { url = "https://files.pythonhosted.org/packages/8f/f4/5f9a286e1eeca9faa8b83885edccf63ab2f1b22e17f6a5ea66ac86b1afe4/jax-0.11.1-py3-none-any.whl", hash = "sha256:72ed60bf85a0b53d0f5b5cd61e37a8b25f369f6f88481feb98ab489894861a82", size = 3302513, upload-time = "2026-08-17T20:29:00.294Z" },
]

[[package]]
name = "jaxlib"
version = "0.11.1"
source = { registry = "https://pypi.org/simple" }
dependencies = [
    { name = "ml-dtypes" },
    { name = "numpy" },
    { name = "scipy" },
]
wheels = [
    { url = "https://files.pythonhosted.org/packages/a0/22/d076bf545853d1f60ef906cb6d69751f9b149f857f4390de989d5165ed80/jaxlib-0.11.1-cp313-cp313-macosx_11_0_arm64.whl", hash = "sha256:c7518af3168ab4cf0a00b92f5463018baf0dad3faa3b358a3d688996afa6fd50", size = 63174384, upload-time = "2026-08-17T20:30:21.949Z" },
    { url = "https://files.pythonhosted.org/packages/a8/3c/5b0ce63c880d4f9cef492f04e11be7a60bdd3f529311839652b928e8b320/jaxlib-0.11.1-cp313-cp313-manylinux_2_27_aarch64.whl", hash = "sha256:3a679a49b8d329b6e431f3aeb666467c6efac750e3b2ee90d0e74efe7959e643", size = 82774089, upload-time = "2026-08-17T20:30:25.232Z" },
    { url = "https://files.pythonhosted.org/packages/f5/28/ef1371618e784880e68c2ab5277d5ccbaf518a2a5ec9ec05ef90a9ee7d1b/jaxlib-0.11.1-cp313-cp313-manylinux_2_27_x86_64.whl", hash = "sha256:7ebe86a7b891fcda83e7f634a677d285681a7b80b3ec9ed435536078a8371acf", size = 87901562, upload-time = "2026-08-17T20:30:28.873Z" },
    { url = "https://files.pythonhosted.org/packages/fe/c7/f92d23dc89bdbe5193ad139aa8973eab485898f330de2033bc4fdd8ac4c9/jaxlib-0.11.1-cp313-cp313-win_amd64.whl", hash = "sha256:8379a8902db216f21673e7591acedc8f925658c59d9d2ec9afd5e2244246986a", size = 68531205, upload-time = "2026-08-17T20:30:32.376Z" },
]

[[package]]
name = "ml-dtypes"
version = "0.5.0"
source = { registry = "https://pypi.org/simple" }
dependencies = [
    { name = "numpy" },
]
sdist = { url = "https://files.pythonhosted.org/packages/ab/79/717c5e22ad25d63ce3acdfe8ff8d64bdedec18914256c59b838218708b16/ml_dtypes-0.5.0.tar.gz", hash = "sha256:3e7d3a380fe73a63c884f06136f8baa7a5249cc8e9fdec677997dd78549f8128", size = 699367, upload-time = "2024-09-14T21:50:53.866Z" }
wheels = [
    { url = "https://files.pythonhosted.org/packages/b3/4a/18f670a2703e771a6775fbc354208e597ff062a88efb0cecc220a282210b/ml_dtypes-0.5.0-cp313-cp313-macosx_10_13_universal2.whl", hash = "sha256:d3b3db9990c3840986a0e70524e122cfa32b91139c3653df76121ba7776e015f", size = 753345, upload-time = "2024-09-14T21:50:46.102Z" },
    { url = "https://files.pythonhosted.org/packages/ed/c6/358d85e274e22d53def0c85f3cbe0933475fa3cf6922e9dca66eb25cb22f/ml_dtypes-0.5.0-cp313-cp313-manylinux_2_17_aarch64.manylinux2014_aarch64.whl", hash = "sha256:e04fde367b2fe901b1d47234426fe8819909bd1dd862a5adb630f27789c20599", size = 4424962, upload-time = "2024-09-13T20:09:41.956Z" },
    { url = "https://files.pythonhosted.org/packages/4c/b4/d766586e24e7a073333c8eb8bd9275f3c6fe0569b509ae7b1699d4f00c74/ml_dtypes-0.5.0-cp313-cp313-manylinux_2_17_x86_64.manylinux2014_x86_64.whl", hash = "sha256:54415257f00eb44fbcc807454efac3356f75644f1cbfc2d4e5522a72ae1dacab", size = 4475201, upload-time = "2024-09-13T20:09:43.518Z" },
    { url = "https://files.pythonhosted.org/packages/14/87/30323ad2e52f56262019a4493fe5f5e71067c5561ce7e2f9c75de520f5e8/ml_dtypes-0.5.0-cp313-cp313-win_amd64.whl", hash = "sha256:cb5cc7b25acabd384f75bbd78892d0c724943f3e2e1986254665a1aa10982e07", size = 213195, upload-time = "2024-09-14T21:50:48.01Z" },
]

[[package]]
name = "my-package"
version = "0.1.0"
source = { editable = "packages/my-package" }
dependencies = [
    { name = "jax" },
]

[package.metadata]
requires-dist = [{ name = "jax", specifier = "==0.11.1" }]

[[package]]
name = "my-workspace"
version = "0.1.0"
source = { virtual = "." }
dependencies = [
    { name = "my-package" },
]

[package.metadata]
requires-dist = [{ name = "my-package", editable = "packages/my-package" }]

[[package]]
name = "numpy"
version = "2.2.1"
source = { registry = "https://pypi.org/simple" }
sdist = { url = "https://files.pythonhosted.org/packages/f2/a5/fdbf6a7871703df6160b5cf3dd774074b086d278172285c52c2758b76305/numpy-2.2.1.tar.gz", hash = "sha256:45681fd7128c8ad1c379f0ca0776a8b0c6583d2f69889ddac01559dfe4390918", size = 20227662, upload-time = "2024-12-21T22:49:36.523Z" }
wheels = [
    { url = "https://files.pythonhosted.org/packages/20/d6/91a26e671c396e0c10e327b763485ee295f5a5a7a48c553f18417e5a0ed5/numpy-2.2.1-cp313-cp313-macosx_10_13_x86_64.whl", hash = "sha256:f1d09e520217618e76396377c81fba6f290d5f926f50c35f3a5f72b01a0da780", size = 20896464, upload-time = "2024-12-21T22:37:01.393Z" },
    { url = "https://files.pythonhosted.org/packages/8c/40/5792ccccd91d45e87d9e00033abc4f6ca8a828467b193f711139ff1f1cd9/numpy-2.2.1-cp313-cp313-macosx_11_0_arm64.whl", hash = "sha256:3ecc47cd7f6ea0336042be87d9e7da378e5c7e9b3c8ad0f7c966f714fc10d821", size = 14111350, upload-time = "2024-12-21T22:37:35.152Z" },
    { url = "https://files.pythonhosted.org/packages/c0/2a/fb0a27f846cb857cef0c4c92bef89f133a3a1abb4e16bba1c4dace2e9b49/numpy-2.2.1-cp313-cp313-macosx_14_0_arm64.whl", hash = "sha256:f419290bc8968a46c4933158c91a0012b7a99bb2e465d5ef5293879742f8797e", size = 5111629, upload-time = "2024-12-21T22:37:51.291Z" },
    { url = "https://files.pythonhosted.org/packages/eb/e5/8e81bb9d84db88b047baf4e8b681a3e48d6390bc4d4e4453eca428ecbb49/numpy-2.2.1-cp313-cp313-macosx_14_0_x86_64.whl", hash = "sha256:5b6c390bfaef8c45a260554888966618328d30e72173697e5cabe6b285fb2348", size = 6645865, upload-time = "2024-12-21T22:38:03.738Z" },
    { url = "https://files.pythonhosted.org/packages/7a/1a/a90ceb191dd2f9e2897c69dde93ccc2d57dd21ce2acbd7b0333e8eea4e8d/numpy-2.2.1-cp313-cp313-manylinux_2_17_aarch64.manylinux2014_aarch64.whl", hash = "sha256:526fc406ab991a340744aad7e25251dd47a6720a685fa3331e5c59fef5282a59", size = 14043508, upload-time = "2024-12-21T22:38:41.854Z" },
    { url = "https://files.pythonhosted.org/packages/f1/5a/e572284c86a59dec0871a49cd4e5351e20b9c751399d5f1d79628c0542cb/numpy-2.2.1-cp313-cp313-manylinux_2_17_x86_64.manylinux2014_x86_64.whl", hash = "sha256:f74e6fdeb9a265624ec3a3918430205dff1df7e95a230779746a6af78bc615af", size = 16094100, upload-time = "2024-12-21T22:39:12.904Z" },
    { url = "https://files.pythonhosted.org/packages/0c/2c/a79d24f364788386d85899dd280a94f30b0950be4b4a545f4fa4ed1d4ca7/numpy-2.2.1-cp313-cp313-musllinux_1_2_aarch64.whl", hash = "sha256:53c09385ff0b72ba79d8715683c1168c12e0b6e84fb0372e97553d1ea91efe51", size = 15239691, upload-time = "2024-12-21T22:39:48.32Z" },
    { url = "https://files.pythonhosted.org/packages/cf/79/1e20fd1c9ce5a932111f964b544facc5bb9bde7865f5b42f00b4a6a9192b/numpy-2.2.1-cp313-cp313-musllinux_1_2_x86_64.whl", hash = "sha256:f3eac17d9ec51be534685ba877b6ab5edc3ab7ec95c8f163e5d7b39859524716", size = 17856571, upload-time = "2024-12-21T22:40:22.575Z" },
    { url = "https://files.pythonhosted.org/packages/be/5b/cc155e107f75d694f562bdc84a26cc930569f3dfdfbccb3420b626065777/numpy-2.2.1-cp313-cp313-win32.whl", hash = "sha256:9ad014faa93dbb52c80d8f4d3dcf855865c876c9660cb9bd7553843dd03a4b1e", size = 6270841, upload-time = "2024-12-21T22:45:15.101Z" },
    { url = "https://files.pythonhosted.org/packages/44/be/0e5cd009d2162e4138d79a5afb3b5d2341f0fe4777ab6e675aa3d4a42e21/numpy-2.2.1-cp313-cp313-win_amd64.whl", hash = "sha256:164a829b6aacf79ca47ba4814b130c4020b202522a93d7bff2202bfb33b61c60", size = 12606618, upload-time = "2024-12-21T22:45:47.227Z" },
    { url = "https://files.pythonhosted.org/packages/a8/87/04ddf02dd86fb17c7485a5f87b605c4437966d53de1e3745d450343a6f56/numpy-2.2.1-cp313-cp313t-macosx_10_13_x86_64.whl", hash = "sha256:4dfda918a13cc4f81e9118dea249e192ab167a0bb1966272d5503e39234d694e", size = 20921004, upload-time = "2024-12-21T22:40:58.532Z" },
    { url = "https://files.pythonhosted.org/packages/6e/3e/d0e9e32ab14005425d180ef950badf31b862f3839c5b927796648b11f88a/numpy-2.2.1-cp313-cp313t-macosx_11_0_arm64.whl", hash = "sha256:733585f9f4b62e9b3528dd1070ec4f52b8acf64215b60a845fa13ebd73cd0712", size = 14119910, upload-time = "2024-12-21T22:41:41.298Z" },
    { url = "https://files.pythonhosted.org/packages/b5/5b/aa2d1905b04a8fb681e08742bb79a7bddfc160c7ce8e1ff6d5c821be0236/numpy-2.2.1-cp313-cp313t-macosx_14_0_arm64.whl", hash = "sha256:89b16a18e7bba224ce5114db863e7029803c179979e1af6ad6a6b11f70545008", size = 5153612, upload-time = "2024-12-21T22:41:52.23Z" },
    { url = "https://files.pythonhosted.org/packages/ce/35/6831808028df0648d9b43c5df7e1051129aa0d562525bacb70019c5f5030/numpy-2.2.1-cp313-cp313t-macosx_14_0_x86_64.whl", hash = "sha256:676f4eebf6b2d430300f1f4f4c2461685f8269f94c89698d832cdf9277f30b84", size = 6668401, upload-time = "2024-12-21T22:42:05.378Z" },
    { url = "https://files.pythonhosted.org/packages/b1/38/10ef509ad63a5946cc042f98d838daebfe7eaf45b9daaf13df2086b15ff9/numpy-2.2.1-cp313-cp313t-manylinux_2_17_aarch64.manylinux2014_aarch64.whl", hash = "sha256:27f5cdf9f493b35f7e41e8368e7d7b4bbafaf9660cba53fb21d2cd174ec09631", size = 14014198, upload-time = "2024-12-21T22:42:36.414Z" },
    { url = "https://files.pythonhosted.org/packages/df/f8/c80968ae01df23e249ee0a4487fae55a4c0fe2f838dfe9cc907aa8aea0fa/numpy-2.2.1-cp313-cp313t-manylinux_2_17_x86_64.manylinux2014_x86_64.whl", hash = "sha256:c1ad395cf254c4fbb5b2132fee391f361a6e8c1adbd28f2cd8e79308a615fe9d", size = 16076211, upload-time = "2024-12-21T22:43:10.125Z" },
    { url = "https://files.pythonhosted.org/packages/09/69/05c169376016a0b614b432967ac46ff14269eaffab80040ec03ae1ae8e2c/numpy-2.2.1-cp313-cp313t-musllinux_1_2_aarch64.whl", hash = "sha256:08ef779aed40dbc52729d6ffe7dd51df85796a702afbf68a4f4e41fafdc8bda5", size = 15220266, upload-time = "2024-12-21T22:43:44.16Z" },
    { url = "https://files.pythonhosted.org/packages/f1/ff/94a4ce67ea909f41cf7ea712aebbe832dc67decad22944a1020bb398a5ee/numpy-2.2.1-cp313-cp313t-musllinux_1_2_x86_64.whl", hash = "sha256:26c9c4382b19fcfbbed3238a14abf7ff223890ea1936b8890f058e7ba35e8d71", size = 17852844, upload-time = "2024-12-21T22:44:19.029Z" },
    { url = "https://files.pythonhosted.org/packages/46/72/8a5dbce4020dfc595592333ef2fbb0a187d084ca243b67766d29d03e0096/numpy-2.2.1-cp313-cp313t-win32.whl", hash = "sha256:93cf4e045bae74c90ca833cba583c14b62cb4ba2cba0abd2b141ab52548247e2", size = 6326007, upload-time = "2024-12-21T22:44:34.097Z" },
    { url = "https://files.pythonhosted.org/packages/7b/9c/4fce9cf39dde2562584e4cfd351a0140240f82c0e3569ce25a250f47037d/numpy-2.2.1-cp313-cp313t-win_amd64.whl", hash = "sha256:bff7d8ec20f5f42607599f9994770fa65d76edca264a87b5e4ea5629bce12268", size = 12693107, upload-time = "2024-12-21T22:44:57.542Z" },
]

[[package]]
name = "opt-einsum"
version = "3.4.0"
source = { registry = "https://pypi.org/simple" }
sdist = { url = "https://files.pythonhosted.org/packages/8c/b9/2ac072041e899a52f20cf9510850ff58295003aa75525e58343591b0cbfb/opt_einsum-3.4.0.tar.gz", hash = "sha256:96ca72f1b886d148241348783498194c577fa30a8faac108586b14f1ba4473ac", size = 63004, upload-time = "2024-09-26T14:33:24.483Z" }
wheels = [
    { url = "https://files.pythonhosted.org/packages/23/cd/066e86230ae37ed0be70aae89aabf03ca8d9f39c8aea0dec8029455b5540/opt_einsum-3.4.0-py3-none-any.whl", hash = "sha256:69bb92469f86a1565195ece4ac0323943e83477171b91d24c35afe028a90d7cd", size = 71932, upload-time = "2024-09-26T14:33:23.039Z" },
]

[[package]]
name = "scipy"
version = "1.18.1"
source = { registry = "https://pypi.org/simple" }
dependencies = [
    { name = "numpy" },
]
sdist = { url = "https://files.pythonhosted.org/packages/7e/74/66de6258867beb2ef08f35f9f2ac017a52cacd5081714d239ff1a442d458/scipy-1.18.1.tar.gz", hash = "sha256:52c4b7422442aba924d03ad4019852b08a92e64ea187b933135687bfe2747307", size = 30781235, upload-time = "2026-08-21T23:28:50.599Z" }
wheels = [
    { url = "https://files.pythonhosted.org/packages/b6/55/4540ee0f9c42a9ad7109d0d1a8cc70de54c3572b01c6693a2b1c70e90ceb/scipy-1.18.1-cp313-cp313-macosx_10_15_x86_64.whl", hash = "sha256:3ab3523da44749156e1f68b464dc56af11ae4cbc5c739a49d05f32b982eca9f3", size = 31089958, upload-time = "2026-08-21T23:24:35.8Z" },
    { url = "https://files.pythonhosted.org/packages/2a/f5/769f36d14922b8071a43e95d24d18b6bdafad10d7f5cf647867e1ac052bc/scipy-1.18.1-cp313-cp313-macosx_12_0_arm64.whl", hash = "sha256:e6fb6a55cc0ba97b59a1f288fb86dc6fce8bdfc0fffcbfd015e3a954bf2a2d93", size = 28715106, upload-time = "2026-08-21T23:24:40.775Z" },
    { url = "https://files.pythonhosted.org/packages/9a/d7/21d890274f75ea37a8209d5519e72da3da90302e3b9fb8397a0918386a62/scipy-1.18.1-cp313-cp313-macosx_14_0_arm64.whl", hash = "sha256:ea324d9dd34c38bfb9bec8ca4d1b407db97dbb74029f566b8e322b1b6fe56fe6", size = 20456846, upload-time = "2026-08-21T23:24:45.066Z" },
    { url = "https://files.pythonhosted.org/packages/ec/01/798430ecea2e78ec7c02663d5f71c007bb6abeca931080debd40d7fa55ea/scipy-1.18.1-cp313-cp313-macosx_14_0_x86_64.whl", hash = "sha256:75b00eb8fb802090aa903f4ea1c7f5a584779f967361e68b7e98e531cc2d7174", size = 23087986, upload-time = "2026-08-21T23:24:49.539Z" },
    { url = "https://files.pythonhosted.org/packages/e6/5f/4634e9d35c68496e4e34cb6946eafab044458e6cedab42b40b6588e475b6/scipy-1.18.1-cp313-cp313-manylinux_2_27_aarch64.manylinux_2_28_aarch64.whl", hash = "sha256:d416b16cccfd70fbf62400e84d0bb2f4e6af519a45557f1692c749b37f14b315", size = 33998146, upload-time = "2026-08-21T23:24:54.714Z" },
    { url = "https://files.pythonhosted.org/packages/41/48/6450ed9243315322bbc19ac57b9b70d66a20bf1d38d124c96bc4bf6af9ea/scipy-1.18.1-cp313-cp313-manylinux_2_27_x86_64.manylinux_2_28_x86_64.whl", hash = "sha256:fdaf5ea890a6183d0565f51a61799d67081bd5b1cf03c5f4b3fd3732108625c9", size = 35312578, upload-time = "2026-08-21T23:25:00.44Z" },
    { url = "https://files.pythonhosted.org/packages/00/bd/bf5a4be6a3525676499f6dff307991739ff6fdcad1481b1aeb6745339f58/scipy-1.18.1-cp313-cp313-musllinux_1_2_aarch64.whl", hash = "sha256:c825cef2f49e46753726a7181a8e199804a912b29519ada542c6ebc654951899", size = 35612621, upload-time = "2026-08-21T23:25:06.144Z" },
    { url = "https://files.pythonhosted.org/packages/bd/4e/3c45c33e00a77996c4b1cb707929f833ba7b1d522ee29f882512c330676d/scipy-1.18.1-cp313-cp313-musllinux_1_2_x86_64.whl", hash = "sha256:e3b417bf8c2c7c16e8f58ad91db17783ec911ac16e7b50eb6eab6e809b4f5b07", size = 37457323, upload-time = "2026-08-21T23:25:12.483Z" },
    { url = "https://files.pythonhosted.org/packages/93/0e/e0348fbc0dbab65c114cf78957e7dfeb49f8e8b556b4d930cc12ff195e18/scipy-1.18.1-cp313-cp313-win_amd64.whl", hash = "sha256:559ed65f60c1af5a03f3912605a1b5114f522c7c32fb23c3376ae8f03219fe28", size = 36622841, upload-time = "2026-08-21T23:25:18.722Z" },
    { url = "https://files.pythonhosted.org/packages/50/a8/6a77f5f267c555108f0a864b6db714363dab567a8266422a79a385f9232b/scipy-1.18.1-cp313-cp313-win_arm64.whl", hash = "sha256:cd479fc04dd9401e3b4f49e76518768ef99c4f517a98c284eb091fd725719adf", size = 24399315, upload-time = "2026-08-21T23:25:23.458Z" },
]
